// !$*UTF8*$!
{
	archiveVersion = 1;
	classes = {
	};
	objectVersion = 77;
	objects = {

/* Begin PBXBuildFile section */
		F47400AE2E7823C20090D553 /* LaunchScreen.storyboard in Resources */ = {isa = PBXBuildFile; fileRef = F47400AD2E7823C20090D553 /* LaunchScreen.storyboard */; };
		F4A55E8C2E313C8800C4AB42 /* CLAUDE.md in Resources */ = {isa = PBXBuildFile; fileRef = F4A55E8B2E313C8800C4AB42 /* CLAUDE.md */; };
		F4A55E8D2E313C8800C4AB42 /* CLAUDE.md in Resources */ = {isa = PBXBuildFile; fileRef = F4A55E8B2E313C8800C4AB42 /* CLAUDE.md */; };
		F4A5DD132E1199DE00B5D172 /* Assets.xcassets in Resources */ = {isa = PBXBuildFile; fileRef = F4A5DD112E1199DE00B5D172 /* Assets.xcassets */; };
		F4D557C72DEE7CBF002A5961 /* PhishQSApp.swift in Sources */ = {isa = PBXBuildFile; fileRef = F4D557BF2DEE7CBF002A5961 /* PhishQSApp.swift */; };
		F4F1DDC22E675399006B6D75 /* vercel.json in Resources */ = {isa = PBXBuildFile; fileRef = F4F1DDC12E675399006B6D75 /* vercel.json */; };
		F4F1DDC32E675399006B6D75 /* package-lock.json in Resources */ = {isa = PBXBuildFile; fileRef = F4F1DDC02E675399006B6D75 /* package-lock.json */; };
		F4F1DDC42E675399006B6D75 /* package.json in Resources */ = {isa = PBXBuildFile; fileRef = F4F1DDBF2E675399006B6D75 /* package.json */; };
/* End PBXBuildFile section */

/* Begin PBXContainerItemProxy section */
		F418FFC62DE7ED0B00240D34 /* PBXContainerItemProxy */ = {
			isa = PBXContainerItemProxy;
			containerPortal = F418FFB02DE7ED0A00240D34 /* Project object */;
			proxyType = 1;
			remoteGlobalIDString = F418FFB72DE7ED0A00240D34;
			remoteInfo = PhishQS;
		};
		F418FFD02DE7ED0B00240D34 /* PBXContainerItemProxy */ = {
			isa = PBXContainerItemProxy;
			containerPortal = F418FFB02DE7ED0A00240D34 /* Project object */;
			proxyType = 1;
			remoteGlobalIDString = F418FFB72DE7ED0A00240D34;
			remoteInfo = PhishQS;
		};
/* End PBXContainerItemProxy section */

/* Begin PBXFileReference section */
		F418FFB82DE7ED0A00240D34 /* PhishQS.app */ = {isa = PBXFileReference; explicitFileType = wrapper.application; includeInIndex = 0; path = PhishQS.app; sourceTree = BUILT_PRODUCTS_DIR; };
		F418FFC52DE7ED0B00240D34 /* PhishQSTests.xctest */ = {isa = PBXFileReference; explicitFileType = wrapper.cfbundle; includeInIndex = 0; path = PhishQSTests.xctest; sourceTree = BUILT_PRODUCTS_DIR; };
		F418FFCF2DE7ED0B00240D34 /* PhishQSUITests.xctest */ = {isa = PBXFileReference; explicitFileType = wrapper.cfbundle; includeInIndex = 0; path = PhishQSUITests.xctest; sourceTree = BUILT_PRODUCTS_DIR; };
		F47400AD2E7823C20090D553 /* LaunchScreen.storyboard */ = {isa = PBXFileReference; lastKnownFileType = file.storyboard; path = LaunchScreen.storyboard; sourceTree = "<group>"; };
		F4A55E8B2E313C8800C4AB42 /* CLAUDE.md */ = {isa = PBXFileReference; lastKnownFileType = net.daringfireball.markdown; path = CLAUDE.md; sourceTree = "<group>"; };
		F4A5DD112E1199DE00B5D172 /* Assets.xcassets */ = {isa = PBXFileReference; lastKnownFileType = folder.assetcatalog; path = Assets.xcassets; sourceTree = "<group>"; };
		F4D557BF2DEE7CBF002A5961 /* PhishQSApp.swift */ = {isa = PBXFileReference; lastKnownFileType = sourcecode.swift; path = PhishQSApp.swift; sourceTree = "<group>"; };
		F4D8B98C2E1EB7EC00EB140A /* README.md */ = {isa = PBXFileReference; lastKnownFileType = net.daringfireball.markdown; path = README.md; sourceTree = "<group>"; };
		F4D8B98D2E1EB81E00EB140A /* .gitignore */ = {isa = PBXFileReference; lastKnownFileType = text; path = .gitignore; sourceTree = "<group>"; };
		F4F1DDBF2E675399006B6D75 /* package.json */ = {isa = PBXFileReference; lastKnownFileType = text.json; path = package.json; sourceTree = "<group>"; };
		F4F1DDC02E675399006B6D75 /* package-lock.json */ = {isa = PBXFileReference; lastKnownFileType = text.json; path = "package-lock.json"; sourceTree = "<group>"; };
		F4F1DDC12E675399006B6D75 /* vercel.json */ = {isa = PBXFileReference; lastKnownFileType = text.json; path = vercel.json; sourceTree = "<group>"; };
/* End PBXFileReference section */

/* Begin PBXFileSystemSynchronizedBuildFileExceptionSet section */
		F42264E22E1E77DE00891DED /* Exceptions for "Tests" folder in "PhishQS" target */ = {
			isa = PBXFileSystemSynchronizedBuildFileExceptionSet;
			membershipExceptions = (
				PhishQSTests/Mocks/MockPhishAPIClient.swift,
				PhishQSTests/Mocks/MockPhishInAPIClient.swift,
				PhishQSTests/PhishQSTests.swift,
				PhishQSUITests/PhishQSUITests.swift,
				PhishQSUITests/PhishQSUITestsLaunchTests.swift,
			);
			target = F418FFB72DE7ED0A00240D34 /* PhishQS */;
		};
		F42264E32E1E77DE00891DED /* Exceptions for "Tests" folder in "PhishQSTests" target */ = {
			isa = PBXFileSystemSynchronizedBuildFileExceptionSet;
			membershipExceptions = (
				PhishQSUITests/PhishQSUITests.swift,
				PhishQSUITests/PhishQSUITestsLaunchTests.swift,
			);
			target = F418FFC42DE7ED0B00240D34 /* PhishQSTests */;
		};
		F42264E42E1E77DE00891DED /* Exceptions for "Tests" folder in "PhishQSUITests" target */ = {
			isa = PBXFileSystemSynchronizedBuildFileExceptionSet;
			membershipExceptions = (
				PhishQSUITests/PhishQSUITests.swift,
				PhishQSUITests/PhishQSUITestsLaunchTests.swift,
			);
			target = F418FFCE2DE7ED0B00240D34 /* PhishQSUITests */;
		};
		F42264FF2E1E784B00891DED /* Exceptions for "Features" folder in "PhishQSTests" target */ = {
			isa = PBXFileSystemSynchronizedBuildFileExceptionSet;
			membershipExceptions = (
				DaySelection/DayListView.swift,
				DaySelection/DayListViewModel.swift,
				LatestSetlist/LatestSetlistView.swift,
				LatestSetlist/LatestSetlistViewModel.swift,
				MonthSelection/MonthListView.swift,
				MonthSelection/MonthListViewModel.swift,
				Setlist/SetlistView.swift,
				Setlist/SetlistViewModel.swift,
				YearSelection/YearListView.swift,
				YearSelection/YearListViewModel.swift,
			);
			target = F418FFC42DE7ED0B00240D34 /* PhishQSTests */;
		};
/* End PBXFileSystemSynchronizedBuildFileExceptionSet section */

/* Begin PBXFileSystemSynchronizedRootGroup section */
		F42264D92E1E77A300891DED /* Tests */ = {
			isa = PBXFileSystemSynchronizedRootGroup;
			exceptions = (
				F42264E22E1E77DE00891DED /* Exceptions for "Tests" folder in "PhishQS" target */,
				F42264E32E1E77DE00891DED /* Exceptions for "Tests" folder in "PhishQSTests" target */,
				F42264E42E1E77DE00891DED /* Exceptions for "Tests" folder in "PhishQSUITests" target */,
			);
			path = Tests;
			sourceTree = "<group>";
		};
		F42264E52E1E77F200891DED /* Features */ = {
			isa = PBXFileSystemSynchronizedRootGroup;
			exceptions = (
				F42264FF2E1E784B00891DED /* Exceptions for "Features" folder in "PhishQSTests" target */,
			);
			path = Features;
			sourceTree = "<group>";
		};
		F42264E72E1E780E00891DED /* Models */ = {
			isa = PBXFileSystemSynchronizedRootGroup;
			path = Models;
			sourceTree = "<group>";
		};
		F42264E82E1E781600891DED /* Resources */ = {
			isa = PBXFileSystemSynchronizedRootGroup;
			path = Resources;
			sourceTree = "<group>";
		};
		F42264EA2E1E783200891DED /* Utilities */ = {
			isa = PBXFileSystemSynchronizedRootGroup;
			path = Utilities;
			sourceTree = "<group>";
		};
		F46ACF932E32C865009CF6FB /* Services */ = {
			isa = PBXFileSystemSynchronizedRootGroup;
			path = Services;
			sourceTree = "<group>";
		};
		F4C533E72E6896A100903379 /* Features */ = {
			isa = PBXFileSystemSynchronizedRootGroup;
			path = Features;
			sourceTree = "<group>";
		};
		F4F1DDA92E67017C006B6D75 /* Server */ = {
			isa = PBXFileSystemSynchronizedRootGroup;
			path = Server;
			sourceTree = "<group>";
		};
		F4F1DDBC2E6702D7006B6D75 /* api */ = {
			isa = PBXFileSystemSynchronizedRootGroup;
			path = api;
			sourceTree = "<group>";
		};
/* End PBXFileSystemSynchronizedRootGroup section */

/* Begin PBXFrameworksBuildPhase section */
		F418FFB52DE7ED0A00240D34 /* Frameworks */ = {
			isa = PBXFrameworksBuildPhase;
			buildActionMask = 2147483647;
			files = (
			);
			runOnlyForDeploymentPostprocessing = 0;
		};
		F418FFC22DE7ED0B00240D34 /* Frameworks */ = {
			isa = PBXFrameworksBuildPhase;
			buildActionMask = 2147483647;
			files = (
			);
			runOnlyForDeploymentPostprocessing = 0;
		};
		F418FFCC2DE7ED0B00240D34 /* Frameworks */ = {
			isa = PBXFrameworksBuildPhase;
			buildActionMask = 2147483647;
			files = (
			);
			runOnlyForDeploymentPostprocessing = 0;
		};
/* End PBXFrameworksBuildPhase section */

/* Begin PBXGroup section */
		F418FFAF2DE7ED0A00240D34 = {
			isa = PBXGroup;
			children = (
				F4F1DDBF2E675399006B6D75 /* package.json */,
				F4F1DDC02E675399006B6D75 /* package-lock.json */,
				F4F1DDC12E675399006B6D75 /* vercel.json */,
				F4A55E8B2E313C8800C4AB42 /* CLAUDE.md */,
				F4D557BF2DEE7CBF002A5961 /* PhishQSApp.swift */,
				F4D8B98C2E1EB7EC00EB140A /* README.md */,
				F4D8B98D2E1EB81E00EB140A /* .gitignore */,
				F4A5DD112E1199DE00B5D172 /* Assets.xcassets */,
				F47400AD2E7823C20090D553 /* LaunchScreen.storyboard */,
				F418FFB92DE7ED0A00240D34 /* Products */,
				F42264E82E1E781600891DED /* Resources */,
				F42264D92E1E77A300891DED /* Tests */,
				F42264EA2E1E783200891DED /* Utilities */,
				F42264E52E1E77F200891DED /* Features */,
				F42264E72E1E780E00891DED /* Models */,
				F46ACF932E32C865009CF6FB /* Services */,
				F4F1DDA92E67017C006B6D75 /* Server */,
				F4F1DDBC2E6702D7006B6D75 /* api */,
				F4C533E72E6896A100903379 /* Features */,
			);
			sourceTree = "<group>";
		};
		F418FFB92DE7ED0A00240D34 /* Products */ = {
			isa = PBXGroup;
			children = (
				F418FFB82DE7ED0A00240D34 /* PhishQS.app */,
				F418FFC52DE7ED0B00240D34 /* PhishQSTests.xctest */,
				F418FFCF2DE7ED0B00240D34 /* PhishQSUITests.xctest */,
			);
			name = Products;
			sourceTree = "<group>";
		};
/* End PBXGroup section */

/* Begin PBXNativeTarget section */
		F418FFB72DE7ED0A00240D34 /* PhishQS */ = {
			isa = PBXNativeTarget;
			buildConfigurationList = F418FFD92DE7ED0B00240D34 /* Build configuration list for PBXNativeTarget "PhishQS" */;
			buildPhases = (
				F418FFB42DE7ED0A00240D34 /* Sources */,
				F418FFB52DE7ED0A00240D34 /* Frameworks */,
				F418FFB62DE7ED0A00240D34 /* Resources */,
			);
			buildRules = (
			);
			dependencies = (
			);
			fileSystemSynchronizedGroups = (
				F42264D92E1E77A300891DED /* Tests */,
				F42264E52E1E77F200891DED /* Features */,
				F42264E72E1E780E00891DED /* Models */,
				F42264E82E1E781600891DED /* Resources */,
				F42264EA2E1E783200891DED /* Utilities */,
				F46ACF932E32C865009CF6FB /* Services */,
				F4C533E72E6896A100903379 /* Features */,
				F4F1DDA92E67017C006B6D75 /* Server */,
				F4F1DDBC2E6702D7006B6D75 /* api */,
			);
			name = PhishQS;
			packageProductDependencies = (
			);
			productName = PhishQS;
			productReference = F418FFB82DE7ED0A00240D34 /* PhishQS.app */;
			productType = "com.apple.product-type.application";
		};
		F418FFC42DE7ED0B00240D34 /* PhishQSTests */ = {
			isa = PBXNativeTarget;
			buildConfigurationList = F418FFDC2DE7ED0B00240D34 /* Build configuration list for PBXNativeTarget "PhishQSTests" */;
			buildPhases = (
				F418FFC12DE7ED0B00240D34 /* Sources */,
				F418FFC22DE7ED0B00240D34 /* Frameworks */,
				F418FFC32DE7ED0B00240D34 /* Resources */,
			);
			buildRules = (
			);
			dependencies = (
				F418FFC72DE7ED0B00240D34 /* PBXTargetDependency */,
			);
			fileSystemSynchronizedGroups = (
				F42264D92E1E77A300891DED /* Tests */,
				F42264E52E1E77F200891DED /* Features */,
				F42264E72E1E780E00891DED /* Models */,
				F42264E82E1E781600891DED /* Resources */,
				F42264EA2E1E783200891DED /* Utilities */,
				F46ACF932E32C865009CF6FB /* Services */,
			);
			name = PhishQSTests;
			packageProductDependencies = (
			);
			productName = PhishQSTests;
			productReference = F418FFC52DE7ED0B00240D34 /* PhishQSTests.xctest */;
			productType = "com.apple.product-type.bundle.unit-test";
		};
		F418FFCE2DE7ED0B00240D34 /* PhishQSUITests */ = {
			isa = PBXNativeTarget;
			buildConfigurationList = F418FFDF2DE7ED0B00240D34 /* Build configuration list for PBXNativeTarget "PhishQSUITests" */;
			buildPhases = (
				F418FFCB2DE7ED0B00240D34 /* Sources */,
				F418FFCC2DE7ED0B00240D34 /* Frameworks */,
				F418FFCD2DE7ED0B00240D34 /* Resources */,
			);
			buildRules = (
			);
			dependencies = (
				F418FFD12DE7ED0B00240D34 /* PBXTargetDependency */,
			);
			name = PhishQSUITests;
			packageProductDependencies = (
			);
			productName = PhishQSUITests;
			productReference = F418FFCF2DE7ED0B00240D34 /* PhishQSUITests.xctest */;
			productType = "com.apple.product-type.bundle.ui-testing";
		};
/* End PBXNativeTarget section */

/* Begin PBXProject section */
		F418FFB02DE7ED0A00240D34 /* Project object */ = {
			isa = PBXProject;
			attributes = {
				BuildIndependentTargetsInParallel = 1;
				LastSwiftUpdateCheck = 1630;
				LastUpgradeCheck = 1630;
				TargetAttributes = {
					F418FFB72DE7ED0A00240D34 = {
						CreatedOnToolsVersion = 16.3;
						LastSwiftMigration = 1640;
					};
					F418FFC42DE7ED0B00240D34 = {
						CreatedOnToolsVersion = 16.3;
						TestTargetID = F418FFB72DE7ED0A00240D34;
					};
					F418FFCE2DE7ED0B00240D34 = {
						CreatedOnToolsVersion = 16.3;
						TestTargetID = F418FFB72DE7ED0A00240D34;
					};
				};
			};
			buildConfigurationList = F418FFB32DE7ED0A00240D34 /* Build configuration list for PBXProject "PhishQS" */;
			developmentRegion = en;
			hasScannedForEncodings = 0;
			knownRegions = (
				en,
				Base,
			);
			mainGroup = F418FFAF2DE7ED0A00240D34;
			minimizedProjectReferenceProxies = 1;
			preferredProjectObjectVersion = 77;
			productRefGroup = F418FFB92DE7ED0A00240D34 /* Products */;
			projectDirPath = "";
			projectRoot = "";
			targets = (
				F418FFB72DE7ED0A00240D34 /* PhishQS */,
				F418FFC42DE7ED0B00240D34 /* PhishQSTests */,
				F418FFCE2DE7ED0B00240D34 /* PhishQSUITests */,
			);
		};
/* End PBXProject section */

/* Begin PBXResourcesBuildPhase section */
		F418FFB62DE7ED0A00240D34 /* Resources */ = {
			isa = PBXResourcesBuildPhase;
			buildActionMask = 2147483647;
			files = (
				F4A5DD132E1199DE00B5D172 /* Assets.xcassets in Resources */,
				F47400AE2E7823C20090D553 /* LaunchScreen.storyboard in Resources */,
				F4F1DDC22E675399006B6D75 /* vercel.json in Resources */,
				F4F1DDC32E675399006B6D75 /* package-lock.json in Resources */,
				F4F1DDC42E675399006B6D75 /* package.json in Resources */,
				F4A55E8D2E313C8800C4AB42 /* CLAUDE.md in Resources */,
			);
			runOnlyForDeploymentPostprocessing = 0;
		};
		F418FFC32DE7ED0B00240D34 /* Resources */ = {
			isa = PBXResourcesBuildPhase;
			buildActionMask = 2147483647;
			files = (
				F4A55E8C2E313C8800C4AB42 /* CLAUDE.md in Resources */,
			);
			runOnlyForDeploymentPostprocessing = 0;
		};
		F418FFCD2DE7ED0B00240D34 /* Resources */ = {
			isa = PBXResourcesBuildPhase;
			buildActionMask = 2147483647;
			files = (
			);
			runOnlyForDeploymentPostprocessing = 0;
		};
/* End PBXResourcesBuildPhase section */

/* Begin PBXSourcesBuildPhase section */
		F418FFB42DE7ED0A00240D34 /* Sources */ = {
			isa = PBXSourcesBuildPhase;
			buildActionMask = 2147483647;
			files = (
				F4D557C72DEE7CBF002A5961 /* PhishQSApp.swift in Sources */,
			);
			runOnlyForDeploymentPostprocessing = 0;
		};
		F418FFC12DE7ED0B00240D34 /* Sources */ = {
			isa = PBXSourcesBuildPhase;
			buildActionMask = 2147483647;
			files = (
			);
			runOnlyForDeploymentPostprocessing = 0;
		};
		F418FFCB2DE7ED0B00240D34 /* Sources */ = {
			isa = PBXSourcesBuildPhase;
			buildActionMask = 2147483647;
			files = (
			);
			runOnlyForDeploymentPostprocessing = 0;
		};
/* End PBXSourcesBuildPhase section */

/* Begin PBXTargetDependency section */
		F418FFC72DE7ED0B00240D34 /* PBXTargetDependency */ = {
			isa = PBXTargetDependency;
			target = F418FFB72DE7ED0A00240D34 /* PhishQS */;
			targetProxy = F418FFC62DE7ED0B00240D34 /* PBXContainerItemProxy */;
		};
		F418FFD12DE7ED0B00240D34 /* PBXTargetDependency */ = {
			isa = PBXTargetDependency;
			target = F418FFB72DE7ED0A00240D34 /* PhishQS */;
			targetProxy = F418FFD02DE7ED0B00240D34 /* PBXContainerItemProxy */;
		};
/* End PBXTargetDependency section */

/* Begin XCBuildConfiguration section */
		F418FFD72DE7ED0B00240D34 /* Debug */ = {
			isa = XCBuildConfiguration;
			buildSettings = {
				ALWAYS_SEARCH_USER_PATHS = NO;
				ASSETCATALOG_COMPILER_GENERATE_SWIFT_ASSET_SYMBOL_EXTENSIONS = YES;
				CLANG_ANALYZER_NONNULL = YES;
				CLANG_ANALYZER_NUMBER_OBJECT_CONVERSION = YES_AGGRESSIVE;
				CLANG_CXX_LANGUAGE_STANDARD = "gnu++20";
				CLANG_ENABLE_MODULES = YES;
				CLANG_ENABLE_OBJC_ARC = YES;
				CLANG_ENABLE_OBJC_WEAK = YES;
				CLANG_WARN_BLOCK_CAPTURE_AUTORELEASING = YES;
				CLANG_WARN_BOOL_CONVERSION = YES;
				CLANG_WARN_COMMA = YES;
				CLANG_WARN_CONSTANT_CONVERSION = YES;
				CLANG_WARN_DEPRECATED_OBJC_IMPLEMENTATIONS = YES;
				CLANG_WARN_DIRECT_OBJC_ISA_USAGE = YES_ERROR;
				CLANG_WARN_DOCUMENTATION_COMMENTS = YES;
				CLANG_WARN_EMPTY_BODY = YES;
				CLANG_WARN_ENUM_CONVERSION = YES;
				CLANG_WARN_INFINITE_RECURSION = YES;
				CLANG_WARN_INT_CONVERSION = YES;
				CLANG_WARN_NON_LITERAL_NULL_CONVERSION = YES;
				CLANG_WARN_OBJC_IMPLICIT_RETAIN_SELF = YES;
				CLANG_WARN_OBJC_LITERAL_CONVERSION = YES;
				CLANG_WARN_OBJC_ROOT_CLASS = YES_ERROR;
				CLANG_WARN_QUOTED_INCLUDE_IN_FRAMEWORK_HEADER = YES;
				CLANG_WARN_RANGE_LOOP_ANALYSIS = YES;
				CLANG_WARN_STRICT_PROTOTYPES = YES;
				CLANG_WARN_SUSPICIOUS_MOVE = YES;
				CLANG_WARN_UNGUARDED_AVAILABILITY = YES_AGGRESSIVE;
				CLANG_WARN_UNREACHABLE_CODE = YES;
				CLANG_WARN__DUPLICATE_METHOD_MATCH = YES;
				COPY_PHASE_STRIP = NO;
				DEBUG_INFORMATION_FORMAT = dwarf;
				ENABLE_STRICT_OBJC_MSGSEND = YES;
				ENABLE_TESTABILITY = YES;
				ENABLE_USER_SCRIPT_SANDBOXING = YES;
				GCC_C_LANGUAGE_STANDARD = gnu17;
				GCC_DYNAMIC_NO_PIC = NO;
				GCC_NO_COMMON_BLOCKS = YES;
				GCC_OPTIMIZATION_LEVEL = 0;
				GCC_PREPROCESSOR_DEFINITIONS = (
					"DEBUG=1",
					"$(inherited)",
				);
				GCC_WARN_64_TO_32_BIT_CONVERSION = YES;
				GCC_WARN_ABOUT_RETURN_TYPE = YES_ERROR;
				GCC_WARN_UNDECLARED_SELECTOR = YES;
				GCC_WARN_UNINITIALIZED_AUTOS = YES_AGGRESSIVE;
				GCC_WARN_UNUSED_FUNCTION = YES;
				GCC_WARN_UNUSED_VARIABLE = YES;
				IPHONEOS_DEPLOYMENT_TARGET = 18.4;
				LOCALIZATION_PREFERS_STRING_CATALOGS = YES;
				MTL_ENABLE_DEBUG_INFO = INCLUDE_SOURCE;
				MTL_FAST_MATH = YES;
				ONLY_ACTIVE_ARCH = YES;
				SDKROOT = iphoneos;
				SWIFT_ACTIVE_COMPILATION_CONDITIONS = "DEBUG $(inherited)";
				SWIFT_OPTIMIZATION_LEVEL = "-Onone";
			};
			name = Debug;
		};
		F418FFD82DE7ED0B00240D34 /* Release */ = {
			isa = XCBuildConfiguration;
			buildSettings = {
				ALWAYS_SEARCH_USER_PATHS = NO;
				ASSETCATALOG_COMPILER_GENERATE_SWIFT_ASSET_SYMBOL_EXTENSIONS = YES;
				CLANG_ANALYZER_NONNULL = YES;
				CLANG_ANALYZER_NUMBER_OBJECT_CONVERSION = YES_AGGRESSIVE;
				CLANG_CXX_LANGUAGE_STANDARD = "gnu++20";
				CLANG_ENABLE_MODULES = YES;
				CLANG_ENABLE_OBJC_ARC = YES;
				CLANG_ENABLE_OBJC_WEAK = YES;
				CLANG_WARN_BLOCK_CAPTURE_AUTORELEASING = YES;
				CLANG_WARN_BOOL_CONVERSION = YES;
				CLANG_WARN_COMMA = YES;
				CLANG_WARN_CONSTANT_CONVERSION = YES;
				CLANG_WARN_DEPRECATED_OBJC_IMPLEMENTATIONS = YES;
				CLANG_WARN_DIRECT_OBJC_ISA_USAGE = YES_ERROR;
				CLANG_WARN_DOCUMENTATION_COMMENTS = YES;
				CLANG_WARN_EMPTY_BODY = YES;
				CLANG_WARN_ENUM_CONVERSION = YES;
				CLANG_WARN_INFINITE_RECURSION = YES;
				CLANG_WARN_INT_CONVERSION = YES;
				CLANG_WARN_NON_LITERAL_NULL_CONVERSION = YES;
				CLANG_WARN_OBJC_IMPLICIT_RETAIN_SELF = YES;
				CLANG_WARN_OBJC_LITERAL_CONVERSION = YES;
				CLANG_WARN_OBJC_ROOT_CLASS = YES_ERROR;
				CLANG_WARN_QUOTED_INCLUDE_IN_FRAMEWORK_HEADER = YES;
				CLANG_WARN_RANGE_LOOP_ANALYSIS = YES;
				CLANG_WARN_STRICT_PROTOTYPES = YES;
				CLANG_WARN_SUSPICIOUS_MOVE = YES;
				CLANG_WARN_UNGUARDED_AVAILABILITY = YES_AGGRESSIVE;
				CLANG_WARN_UNREACHABLE_CODE = YES;
				CLANG_WARN__DUPLICATE_METHOD_MATCH = YES;
				COPY_PHASE_STRIP = NO;
				DEBUG_INFORMATION_FORMAT = "dwarf-with-dsym";
				ENABLE_NS_ASSERTIONS = NO;
				ENABLE_STRICT_OBJC_MSGSEND = YES;
				ENABLE_USER_SCRIPT_SANDBOXING = YES;
				GCC_C_LANGUAGE_STANDARD = gnu17;
				GCC_NO_COMMON_BLOCKS = YES;
				GCC_WARN_64_TO_32_BIT_CONVERSION = YES;
				GCC_WARN_ABOUT_RETURN_TYPE = YES_ERROR;
				GCC_WARN_UNDECLARED_SELECTOR = YES;
				GCC_WARN_UNINITIALIZED_AUTOS = YES_AGGRESSIVE;
				GCC_WARN_UNUSED_FUNCTION = YES;
				GCC_WARN_UNUSED_VARIABLE = YES;
				"INFOPLIST_KEY_CFBundleDisplayName[sdk=*]" = PhishTD;
				IPHONEOS_DEPLOYMENT_TARGET = 18.4;
				LOCALIZATION_PREFERS_STRING_CATALOGS = YES;
				MTL_ENABLE_DEBUG_INFO = NO;
				MTL_FAST_MATH = YES;
				SDKROOT = iphoneos;
				SWIFT_COMPILATION_MODE = wholemodule;
				VALIDATE_PRODUCT = YES;
			};
			name = Release;
		};
		F418FFDA2DE7ED0B00240D34 /* Debug */ = {
			isa = XCBuildConfiguration;
			buildSettings = {
				ASSETCATALOG_COMPILER_APPICON_NAME = AppIcon;
				ASSETCATALOG_COMPILER_GLOBAL_ACCENT_COLOR_NAME = AccentColor;
				CLANG_ENABLE_MODULES = YES;
				CODE_SIGN_STYLE = Automatic;
				CURRENT_PROJECT_VERSION = 1;
				DEVELOPMENT_TEAM = HUBFJ9JQ59;
				ENABLE_PREVIEWS = YES;
				GENERATE_INFOPLIST_FILE = YES;
				INFOPLIST_KEY_UIApplicationSceneManifest_Generation = YES;
				INFOPLIST_KEY_UIApplicationSupportsIndirectInputEvents = YES;
				INFOPLIST_KEY_UILaunchScreen_Generation = YES;
				INFOPLIST_KEY_UILaunchStoryboardName = LaunchScreen;
				INFOPLIST_KEY_UISupportedInterfaceOrientations_iPad = "UIInterfaceOrientationPortrait UIInterfaceOrientationPortraitUpsideDown UIInterfaceOrientationLandscapeLeft UIInterfaceOrientationLandscapeRight";
				INFOPLIST_KEY_UISupportedInterfaceOrientations_iPhone = "UIInterfaceOrientationPortrait UIInterfaceOrientationLandscapeLeft UIInterfaceOrientationLandscapeRight";
				LD_RUNPATH_SEARCH_PATHS = (
					"$(inherited)",
					"@executable_path/Frameworks",
				);
				MARKETING_VERSION = 1.0;
				PRODUCT_BUNDLE_IDENTIFIER = com.lotusmaine.PhishQS;
				PRODUCT_NAME = "$(TARGET_NAME)";
				SWIFT_EMIT_LOC_STRINGS = YES;
				SWIFT_OBJC_BRIDGING_HEADER = "";
				SWIFT_OPTIMIZATION_LEVEL = "-Onone";
				SWIFT_VERSION = 5.0;
				TARGETED_DEVICE_FAMILY = "1,2";
			};
			name = Debug;
		};
		F418FFDB2DE7ED0B00240D34 /* Release */ = {
			isa = XCBuildConfiguration;
			buildSettings = {
				ASSETCATALOG_COMPILER_APPICON_NAME = AppIcon;
				ASSETCATALOG_COMPILER_GLOBAL_ACCENT_COLOR_NAME = AccentColor;
				CLANG_ENABLE_MODULES = YES;
				CODE_SIGN_STYLE = Automatic;
				CURRENT_PROJECT_VERSION = 1;
				DEVELOPMENT_TEAM = HUBFJ9JQ59;
				ENABLE_PREVIEWS = YES;
				GENERATE_INFOPLIST_FILE = YES;
				INFOPLIST_KEY_UIApplicationSceneManifest_Generation = YES;
				INFOPLIST_KEY_UIApplicationSupportsIndirectInputEvents = YES;
				INFOPLIST_KEY_UILaunchScreen_Generation = YES;
				INFOPLIST_KEY_UILaunchStoryboardName = LaunchScreen;
				INFOPLIST_KEY_UISupportedInterfaceOrientations_iPad = "UIInterfaceOrientationPortrait UIInterfaceOrientationPortraitUpsideDown UIInterfaceOrientationLandscapeLeft UIInterfaceOrientationLandscapeRight";
				INFOPLIST_KEY_UISupportedInterfaceOrientations_iPhone = "UIInterfaceOrientationPortrait UIInterfaceOrientationLandscapeLeft UIInterfaceOrientationLandscapeRight";
				LD_RUNPATH_SEARCH_PATHS = (
					"$(inherited)",
					"@executable_path/Frameworks",
				);
				MARKETING_VERSION = 1.0;
				PRODUCT_BUNDLE_IDENTIFIER = com.lotusmaine.PhishQS;
				PRODUCT_NAME = "$(TARGET_NAME)";
				SWIFT_EMIT_LOC_STRINGS = YES;
				SWIFT_OBJC_BRIDGING_HEADER = "";
				SWIFT_VERSION = 5.0;
				TARGETED_DEVICE_FAMILY = "1,2";
			};
			name = Release;
		};
		F418FFDD2DE7ED0B00240D34 /* Debug */ = {
			isa = XCBuildConfiguration;
			buildSettings = {
				BUNDLE_LOADER = "$(TEST_HOST)";
				CODE_SIGN_STYLE = Automatic;
				CURRENT_PROJECT_VERSION = 1;
				GENERATE_INFOPLIST_FILE = YES;
				IPHONEOS_DEPLOYMENT_TARGET = 18.4;
				MARKETING_VERSION = 1.0;
				PRODUCT_BUNDLE_IDENTIFIER = com.lotusmaine.PhishQSTests;
				PRODUCT_NAME = "$(TARGET_NAME)";
				SWIFT_EMIT_LOC_STRINGS = NO;
				SWIFT_VERSION = 5.0;
				TARGETED_DEVICE_FAMILY = "1,2";
				TEST_HOST = "$(BUILT_PRODUCTS_DIR)/PhishQS.app/$(BUNDLE_EXECUTABLE_FOLDER_PATH)/PhishQS";
			};
			name = Debug;
		};
		F418FFDE2DE7ED0B00240D34 /* Release */ = {
			isa = XCBuildConfiguration;
			buildSettings = {
				BUNDLE_LOADER = "$(TEST_HOST)";
				CODE_SIGN_STYLE = Automatic;
				CURRENT_PROJECT_VERSION = 1;
				GENERATE_INFOPLIST_FILE = YES;
				IPHONEOS_DEPLOYMENT_TARGET = 18.4;
				MARKETING_VERSION = 1.0;
				PRODUCT_BUNDLE_IDENTIFIER = com.lotusmaine.PhishQSTests;
				PRODUCT_NAME = "$(TARGET_NAME)";
				SWIFT_EMIT_LOC_STRINGS = NO;
				SWIFT_VERSION = 5.0;
				TARGETED_DEVICE_FAMILY = "1,2";
				TEST_HOST = "$(BUILT_PRODUCTS_DIR)/PhishQS.app/$(BUNDLE_EXECUTABLE_FOLDER_PATH)/PhishQS";
			};
			name = Release;
		};
		F418FFE02DE7ED0B00240D34 /* Debug */ = {
			isa = XCBuildConfiguration;
			buildSettings = {
				CODE_SIGN_STYLE = Automatic;
				CURRENT_PROJECT_VERSION = 1;
				GENERATE_INFOPLIST_FILE = YES;
				MARKETING_VERSION = 1.0;
				PRODUCT_BUNDLE_IDENTIFIER = com.lotusmaine.PhishQSUITests;
				PRODUCT_NAME = "$(TARGET_NAME)";
				SWIFT_EMIT_LOC_STRINGS = NO;
				SWIFT_VERSION = 5.0;
				TARGETED_DEVICE_FAMILY = "1,2";
				TEST_TARGET_NAME = PhishQS;
			};
			name = Debug;
		};
		F418FFE12DE7ED0B00240D34 /* Release */ = {
			isa = XCBuildConfiguration;
			buildSettings = {
				CODE_SIGN_STYLE = Automatic;
				CURRENT_PROJECT_VERSION = 1;
				GENERATE_INFOPLIST_FILE = YES;
				MARKETING_VERSION = 1.0;
				PRODUCT_BUNDLE_IDENTIFIER = com.lotusmaine.PhishQSUITests;
				PRODUCT_NAME = "$(TARGET_NAME)";
				SWIFT_EMIT_LOC_STRINGS = NO;
				SWIFT_VERSION = 5.0;
				TARGETED_DEVICE_FAMILY = "1,2";
				TEST_TARGET_NAME = PhishQS;
			};
			name = Release;
		};
/* End XCBuildConfiguration section */

/* Begin XCConfigurationList section */
		F418FFB32DE7ED0A00240D34 /* Build configuration list for PBXProject "PhishQS" */ = {
			isa = XCConfigurationList;
			buildConfigurations = (
				F418FFD72DE7ED0B00240D34 /* Debug */,
				F418FFD82DE7ED0B00240D34 /* Release */,
			);
			defaultConfigurationIsVisible = 0;
			defaultConfigurationName = Release;
		};
		F418FFD92DE7ED0B00240D34 /* Build configuration list for PBXNativeTarget "PhishQS" */ = {
			isa = XCConfigurationList;
			buildConfigurations = (
				F418FFDA2DE7ED0B00240D34 /* Debug */,
				F418FFDB2DE7ED0B00240D34 /* Release */,
			);
			defaultConfigurationIsVisible = 0;
			defaultConfigurationName = Release;
		};
		F418FFDC2DE7ED0B00240D34 /* Build configuration list for PBXNativeTarget "PhishQSTests" */ = {
			isa = XCConfigurationList;
			buildConfigurations = (
				F418FFDD2DE7ED0B00240D34 /* Debug */,
				F418FFDE2DE7ED0B00240D34 /* Release */,
			);
			defaultConfigurationIsVisible = 0;
			defaultConfigurationName = Release;
		};
		F418FFDF2DE7ED0B00240D34 /* Build configuration list for PBXNativeTarget "PhishQSUITests" */ = {
			isa = XCConfigurationList;
			buildConfigurations = (
				F418FFE02DE7ED0B00240D34 /* Debug */,
				F418FFE12DE7ED0B00240D34 /* Release */,
			);
			defaultConfigurationIsVisible = 0;
			defaultConfigurationName = Release;
		};
/* End XCConfigurationList section */
	};
	rootObject = F418FFB02DE7ED0A00240D34 /* Project object */;
}
